// !$*UTF8*$!
{
	archiveVersion = 1;
	classes = {
	};
	objectVersion = 56;
	objects = {

/* Begin PBXBuildFile section */
		D51E2839292F77CC00033C02 /* AppDelegate.swift in Sources */ = {isa = PBXBuildFile; fileRef = D51E2838292F77CC00033C02 /* AppDelegate.swift */; };
		D51E283B292F77CC00033C02 /* SceneDelegate.swift in Sources */ = {isa = PBXBuildFile; fileRef = D51E283A292F77CC00033C02 /* SceneDelegate.swift */; };
		D51E283D292F77CC00033C02 /* ViewController.swift in Sources */ = {isa = PBXBuildFile; fileRef = D51E283C292F77CC00033C02 /* ViewController.swift */; };
		D51E2840292F77CC00033C02 /* Main.storyboard in Resources */ = {isa = PBXBuildFile; fileRef = D51E283E292F77CC00033C02 /* Main.storyboard */; };
		D51E2842292F77CC00033C02 /* Assets.xcassets in Resources */ = {isa = PBXBuildFile; fileRef = D51E2841292F77CC00033C02 /* Assets.xcassets */; };
		D51E2845292F77CC00033C02 /* LaunchScreen.storyboard in Resources */ = {isa = PBXBuildFile; fileRef = D51E2843292F77CC00033C02 /* LaunchScreen.storyboard */; };
		D51E2855292F7F6500033C02 /* GoogleMapsCore.framework in Frameworks */ = {isa = PBXBuildFile; fileRef = D51E2852292F7F6400033C02 /* GoogleMapsCore.framework */; };
		D51E2856292F7F6500033C02 /* GoogleMaps.framework in Frameworks */ = {isa = PBXBuildFile; fileRef = D51E2853292F7F6400033C02 /* GoogleMaps.framework */; };
		D51E2857292F7F6500033C02 /* GoogleMapsBase.framework in Frameworks */ = {isa = PBXBuildFile; fileRef = D51E2854292F7F6500033C02 /* GoogleMapsBase.framework */; };
		D51E2859292F81F200033C02 /* GoogleMaps.bundle in Resources */ = {isa = PBXBuildFile; fileRef = D51E2858292F81F100033C02 /* GoogleMaps.bundle */; };
		D51E285C292F833200033C02 /* Accelerate.framework in Frameworks */ = {isa = PBXBuildFile; fileRef = D51E285B292F833200033C02 /* Accelerate.framework */; };
		D51E285E292F834500033C02 /* CoreData.framework in Frameworks */ = {isa = PBXBuildFile; fileRef = D51E285D292F834500033C02 /* CoreData.framework */; };
		D51E2860292F835100033C02 /* CoreGraphics.framework in Frameworks */ = {isa = PBXBuildFile; fileRef = D51E285F292F835100033C02 /* CoreGraphics.framework */; };
		D51E2862292F835F00033C02 /* CoreImage.framework in Frameworks */ = {isa = PBXBuildFile; fileRef = D51E2861292F835F00033C02 /* CoreImage.framework */; };
		D51E2864292F837300033C02 /* CoreLocation.framework in Frameworks */ = {isa = PBXBuildFile; fileRef = D51E2863292F837300033C02 /* CoreLocation.framework */; };
		D51E2866292F837E00033C02 /* CoreTelephony.framework in Frameworks */ = {isa = PBXBuildFile; fileRef = D51E2865292F837E00033C02 /* CoreTelephony.framework */; };
		D51E2868292F838A00033C02 /* CoreText.framework in Frameworks */ = {isa = PBXBuildFile; fileRef = D51E2867292F838A00033C02 /* CoreText.framework */; };
		D51E286A292F839600033C02 /* GLKit.framework in Frameworks */ = {isa = PBXBuildFile; fileRef = D51E2869292F839600033C02 /* GLKit.framework */; };
		D51E286C292F839F00033C02 /* ImageIO.framework in Frameworks */ = {isa = PBXBuildFile; fileRef = D51E286B292F839F00033C02 /* ImageIO.framework */; };
		D51E286E292F83BA00033C02 /* libc++.tbd in Frameworks */ = {isa = PBXBuildFile; fileRef = D51E286D292F83BA00033C02 /* libc++.tbd */; };
		D51E2870292F83C900033C02 /* libz.tbd in Frameworks */ = {isa = PBXBuildFile; fileRef = D51E286F292F83C900033C02 /* libz.tbd */; };
		D51E2872292F83D300033C02 /* Metal.framework in Frameworks */ = {isa = PBXBuildFile; fileRef = D51E2871292F83D300033C02 /* Metal.framework */; };
		D51E2874292F83DD00033C02 /* OpenGLES.framework in Frameworks */ = {isa = PBXBuildFile; fileRef = D51E2873292F83DD00033C02 /* OpenGLES.framework */; };
		D51E2876292F83E900033C02 /* QuartzCore.framework in Frameworks */ = {isa = PBXBuildFile; fileRef = D51E2875292F83E900033C02 /* QuartzCore.framework */; };
		D51E2878292F83F400033C02 /* SystemConfiguration.framework in Frameworks */ = {isa = PBXBuildFile; fileRef = D51E2877292F83F400033C02 /* SystemConfiguration.framework */; };
		D51E287A292F83FE00033C02 /* UIKit.framework in Frameworks */ = {isa = PBXBuildFile; fileRef = D51E2879292F83FE00033C02 /* UIKit.framework */; };
		D5512C65292FB0FF00053897 /* GooglePlaces.framework in Frameworks */ = {isa = PBXBuildFile; fileRef = D5512C64292FB0FF00053897 /* GooglePlaces.framework */; };
		D5512C67292FB1A600053897 /* GooglePlaces.bundle in Resources */ = {isa = PBXBuildFile; fileRef = D5512C66292FB1A600053897 /* GooglePlaces.bundle */; };
/* End PBXBuildFile section */

/* Begin PBXFileReference section */
		D51E2835292F77CC00033C02 /* Eventgraph.app */ = {isa = PBXFileReference; explicitFileType = wrapper.application; includeInIndex = 0; path = Eventgraph.app; sourceTree = BUILT_PRODUCTS_DIR; };
		D51E2838292F77CC00033C02 /* AppDelegate.swift */ = {isa = PBXFileReference; lastKnownFileType = sourcecode.swift; path = AppDelegate.swift; sourceTree = "<group>"; };
		D51E283A292F77CC00033C02 /* SceneDelegate.swift */ = {isa = PBXFileReference; lastKnownFileType = sourcecode.swift; path = SceneDelegate.swift; sourceTree = "<group>"; };
		D51E283C292F77CC00033C02 /* ViewController.swift */ = {isa = PBXFileReference; lastKnownFileType = sourcecode.swift; path = ViewController.swift; sourceTree = "<group>"; };
		D51E283F292F77CC00033C02 /* Base */ = {isa = PBXFileReference; lastKnownFileType = file.storyboard; name = Base; path = Base.lproj/Main.storyboard; sourceTree = "<group>"; };
		D51E2841292F77CC00033C02 /* Assets.xcassets */ = {isa = PBXFileReference; lastKnownFileType = folder.assetcatalog; path = Assets.xcassets; sourceTree = "<group>"; };
		D51E2844292F77CC00033C02 /* Base */ = {isa = PBXFileReference; lastKnownFileType = file.storyboard; name = Base; path = Base.lproj/LaunchScreen.storyboard; sourceTree = "<group>"; };
		D51E2846292F77CC00033C02 /* Info.plist */ = {isa = PBXFileReference; lastKnownFileType = text.plist.xml; path = Info.plist; sourceTree = "<group>"; };
		D51E2852292F7F6400033C02 /* GoogleMapsCore.framework */ = {isa = PBXFileReference; lastKnownFileType = wrapper.framework; path = GoogleMapsCore.framework; sourceTree = "<group>"; };
		D51E2853292F7F6400033C02 /* GoogleMaps.framework */ = {isa = PBXFileReference; lastKnownFileType = wrapper.framework; path = GoogleMaps.framework; sourceTree = "<group>"; };
		D51E2854292F7F6500033C02 /* GoogleMapsBase.framework */ = {isa = PBXFileReference; lastKnownFileType = wrapper.framework; path = GoogleMapsBase.framework; sourceTree = "<group>"; };
		D51E2858292F81F100033C02 /* GoogleMaps.bundle */ = {isa = PBXFileReference; lastKnownFileType = "wrapper.plug-in"; name = GoogleMaps.bundle; path = Eventgraph/GoogleMaps.framework/GoogleMaps.bundle; sourceTree = "<group>"; };
		D51E285B292F833200033C02 /* Accelerate.framework */ = {isa = PBXFileReference; lastKnownFileType = wrapper.framework; name = Accelerate.framework; path = System/Library/Frameworks/Accelerate.framework; sourceTree = SDKROOT; };
		D51E285D292F834500033C02 /* CoreData.framework */ = {isa = PBXFileReference; lastKnownFileType = wrapper.framework; name = CoreData.framework; path = System/Library/Frameworks/CoreData.framework; sourceTree = SDKROOT; };
		D51E285F292F835100033C02 /* CoreGraphics.framework */ = {isa = PBXFileReference; lastKnownFileType = wrapper.framework; name = CoreGraphics.framework; path = System/Library/Frameworks/CoreGraphics.framework; sourceTree = SDKROOT; };
		D51E2861292F835F00033C02 /* CoreImage.framework */ = {isa = PBXFileReference; lastKnownFileType = wrapper.framework; name = CoreImage.framework; path = System/Library/Frameworks/CoreImage.framework; sourceTree = SDKROOT; };
		D51E2863292F837300033C02 /* CoreLocation.framework */ = {isa = PBXFileReference; lastKnownFileType = wrapper.framework; name = CoreLocation.framework; path = System/Library/Frameworks/CoreLocation.framework; sourceTree = SDKROOT; };
		D51E2865292F837E00033C02 /* CoreTelephony.framework */ = {isa = PBXFileReference; lastKnownFileType = wrapper.framework; name = CoreTelephony.framework; path = System/Library/Frameworks/CoreTelephony.framework; sourceTree = SDKROOT; };
		D51E2867292F838A00033C02 /* CoreText.framework */ = {isa = PBXFileReference; lastKnownFileType = wrapper.framework; name = CoreText.framework; path = System/Library/Frameworks/CoreText.framework; sourceTree = SDKROOT; };
		D51E2869292F839600033C02 /* GLKit.framework */ = {isa = PBXFileReference; lastKnownFileType = wrapper.framework; name = GLKit.framework; path = System/Library/Frameworks/GLKit.framework; sourceTree = SDKROOT; };
		D51E286B292F839F00033C02 /* ImageIO.framework */ = {isa = PBXFileReference; lastKnownFileType = wrapper.framework; name = ImageIO.framework; path = System/Library/Frameworks/ImageIO.framework; sourceTree = SDKROOT; };
		D51E286D292F83BA00033C02 /* libc++.tbd */ = {isa = PBXFileReference; lastKnownFileType = "sourcecode.text-based-dylib-definition"; name = "libc++.tbd"; path = "usr/lib/libc++.tbd"; sourceTree = SDKROOT; };
		D51E286F292F83C900033C02 /* libz.tbd */ = {isa = PBXFileReference; lastKnownFileType = "sourcecode.text-based-dylib-definition"; name = libz.tbd; path = usr/lib/libz.tbd; sourceTree = SDKROOT; };
		D51E2871292F83D300033C02 /* Metal.framework */ = {isa = PBXFileReference; lastKnownFileType = wrapper.framework; name = Metal.framework; path = System/Library/Frameworks/Metal.framework; sourceTree = SDKROOT; };
		D51E2873292F83DD00033C02 /* OpenGLES.framework */ = {isa = PBXFileReference; lastKnownFileType = wrapper.framework; name = OpenGLES.framework; path = System/Library/Frameworks/OpenGLES.framework; sourceTree = SDKROOT; };
		D51E2875292F83E900033C02 /* QuartzCore.framework */ = {isa = PBXFileReference; lastKnownFileType = wrapper.framework; name = QuartzCore.framework; path = System/Library/Frameworks/QuartzCore.framework; sourceTree = SDKROOT; };
		D51E2877292F83F400033C02 /* SystemConfiguration.framework */ = {isa = PBXFileReference; lastKnownFileType = wrapper.framework; name = SystemConfiguration.framework; path = System/Library/Frameworks/SystemConfiguration.framework; sourceTree = SDKROOT; };
		D51E2879292F83FE00033C02 /* UIKit.framework */ = {isa = PBXFileReference; lastKnownFileType = wrapper.framework; name = UIKit.framework; path = System/Library/Frameworks/UIKit.framework; sourceTree = SDKROOT; };
		D5512C64292FB0FF00053897 /* GooglePlaces.framework */ = {isa = PBXFileReference; lastKnownFileType = wrapper.framework; path = GooglePlaces.framework; sourceTree = "<group>"; };
		D5512C66292FB1A600053897 /* GooglePlaces.bundle */ = {isa = PBXFileReference; lastKnownFileType = "wrapper.plug-in"; name = GooglePlaces.bundle; path = Eventgraph/GooglePlaces.framework/Resources/GooglePlaces.bundle; sourceTree = "<group>"; };
/* End PBXFileReference section */

/* Begin PBXFrameworksBuildPhase section */
		D51E2832292F77CC00033C02 /* Frameworks */ = {
			isa = PBXFrameworksBuildPhase;
			buildActionMask = 2147483647;
			files = (
				D51E287A292F83FE00033C02 /* UIKit.framework in Frameworks */,
				D51E2878292F83F400033C02 /* SystemConfiguration.framework in Frameworks */,
				D51E2876292F83E900033C02 /* QuartzCore.framework in Frameworks */,
				D51E2874292F83DD00033C02 /* OpenGLES.framework in Frameworks */,
				D51E2872292F83D300033C02 /* Metal.framework in Frameworks */,
				D51E2870292F83C900033C02 /* libz.tbd in Frameworks */,
				D51E286E292F83BA00033C02 /* libc++.tbd in Frameworks */,
				D51E286C292F839F00033C02 /* ImageIO.framework in Frameworks */,
				D51E286A292F839600033C02 /* GLKit.framework in Frameworks */,
				D51E2868292F838A00033C02 /* CoreText.framework in Frameworks */,
				D51E2866292F837E00033C02 /* CoreTelephony.framework in Frameworks */,
				D51E2864292F837300033C02 /* CoreLocation.framework in Frameworks */,
				D51E2862292F835F00033C02 /* CoreImage.framework in Frameworks */,
				D51E2860292F835100033C02 /* CoreGraphics.framework in Frameworks */,
				D51E285E292F834500033C02 /* CoreData.framework in Frameworks */,
				D51E285C292F833200033C02 /* Accelerate.framework in Frameworks */,
				D51E2857292F7F6500033C02 /* GoogleMapsBase.framework in Frameworks */,
				D51E2856292F7F6500033C02 /* GoogleMaps.framework in Frameworks */,
				D51E2855292F7F6500033C02 /* GoogleMapsCore.framework in Frameworks */,
				D5512C65292FB0FF00053897 /* GooglePlaces.framework in Frameworks */,
			);
			runOnlyForDeploymentPostprocessing = 0;
		};
/* End PBXFrameworksBuildPhase section */

/* Begin PBXGroup section */
		D51E282C292F77CC00033C02 = {
			isa = PBXGroup;
			children = (
				D5512C66292FB1A600053897 /* GooglePlaces.bundle */,
				D51E2858292F81F100033C02 /* GoogleMaps.bundle */,
				D51E2837292F77CC00033C02 /* Eventgraph */,
				D51E2836292F77CC00033C02 /* Products */,
				D51E285A292F833200033C02 /* Frameworks */,
			);
			sourceTree = "<group>";
		};
		D51E2836292F77CC00033C02 /* Products */ = {
			isa = PBXGroup;
			children = (
				D51E2835292F77CC00033C02 /* Eventgraph.app */,
			);
			name = Products;
			sourceTree = "<group>";
		};
		D51E2837292F77CC00033C02 /* Eventgraph */ = {
			isa = PBXGroup;
			children = (
				D51E2838292F77CC00033C02 /* AppDelegate.swift */,
				D51E283A292F77CC00033C02 /* SceneDelegate.swift */,
				D51E283C292F77CC00033C02 /* ViewController.swift */,
				D51E283E292F77CC00033C02 /* Main.storyboard */,
				D51E2841292F77CC00033C02 /* Assets.xcassets */,
				D51E2843292F77CC00033C02 /* LaunchScreen.storyboard */,
				D51E2846292F77CC00033C02 /* Info.plist */,
				D51E2853292F7F6400033C02 /* GoogleMaps.framework */,
				D51E2854292F7F6500033C02 /* GoogleMapsBase.framework */,
				D51E2852292F7F6400033C02 /* GoogleMapsCore.framework */,
				D5512C64292FB0FF00053897 /* GooglePlaces.framework */,
			);
			path = Eventgraph;
			sourceTree = "<group>";
		};
		D51E285A292F833200033C02 /* Frameworks */ = {
			isa = PBXGroup;
			children = (
				D51E2879292F83FE00033C02 /* UIKit.framework */,
				D51E2877292F83F400033C02 /* SystemConfiguration.framework */,
				D51E2875292F83E900033C02 /* QuartzCore.framework */,
				D51E2873292F83DD00033C02 /* OpenGLES.framework */,
				D51E2871292F83D300033C02 /* Metal.framework */,
				D51E286F292F83C900033C02 /* libz.tbd */,
				D51E286D292F83BA00033C02 /* libc++.tbd */,
				D51E286B292F839F00033C02 /* ImageIO.framework */,
				D51E2869292F839600033C02 /* GLKit.framework */,
				D51E2867292F838A00033C02 /* CoreText.framework */,
				D51E2865292F837E00033C02 /* CoreTelephony.framework */,
				D51E2863292F837300033C02 /* CoreLocation.framework */,
				D51E2861292F835F00033C02 /* CoreImage.framework */,
				D51E285F292F835100033C02 /* CoreGraphics.framework */,
				D51E285D292F834500033C02 /* CoreData.framework */,
				D51E285B292F833200033C02 /* Accelerate.framework */,
			);
			name = Frameworks;
			sourceTree = "<group>";
		};
/* End PBXGroup section */

/* Begin PBXNativeTarget section */
		D51E2834292F77CC00033C02 /* Eventgraph */ = {
			isa = PBXNativeTarget;
			buildConfigurationList = D51E2849292F77CC00033C02 /* Build configuration list for PBXNativeTarget "Eventgraph" */;
			buildPhases = (
				D51E2831292F77CC00033C02 /* Sources */,
				D51E2832292F77CC00033C02 /* Frameworks */,
				D51E2833292F77CC00033C02 /* Resources */,
			);
			buildRules = (
			);
			dependencies = (
			);
			name = Eventgraph;
			productName = Eventgraph;
			productReference = D51E2835292F77CC00033C02 /* Eventgraph.app */;
			productType = "com.apple.product-type.application";
		};
/* End PBXNativeTarget section */

/* Begin PBXProject section */
		D51E282D292F77CC00033C02 /* Project object */ = {
			isa = PBXProject;
			attributes = {
				BuildIndependentTargetsInParallel = 1;
				LastSwiftUpdateCheck = 1410;
				LastUpgradeCheck = 1410;
				TargetAttributes = {
					D51E2834292F77CC00033C02 = {
						CreatedOnToolsVersion = 14.1;
					};
				};
			};
			buildConfigurationList = D51E2830292F77CC00033C02 /* Build configuration list for PBXProject "Eventgraph" */;
			compatibilityVersion = "Xcode 14.0";
			developmentRegion = en;
			hasScannedForEncodings = 0;
			knownRegions = (
				en,
				Base,
			);
			mainGroup = D51E282C292F77CC00033C02;
			productRefGroup = D51E2836292F77CC00033C02 /* Products */;
			projectDirPath = "";
			projectRoot = "";
			targets = (
				D51E2834292F77CC00033C02 /* Eventgraph */,
			);
		};
/* End PBXProject section */

/* Begin PBXResourcesBuildPhase section */
		D51E2833292F77CC00033C02 /* Resources */ = {
			isa = PBXResourcesBuildPhase;
			buildActionMask = 2147483647;
			files = (
				D51E2845292F77CC00033C02 /* LaunchScreen.storyboard in Resources */,
				D51E2842292F77CC00033C02 /* Assets.xcassets in Resources */,
				D51E2840292F77CC00033C02 /* Main.storyboard in Resources */,
				D51E2859292F81F200033C02 /* GoogleMaps.bundle in Resources */,
				D5512C67292FB1A600053897 /* GooglePlaces.bundle in Resources */,
			);
			runOnlyForDeploymentPostprocessing = 0;
		};
/* End PBXResourcesBuildPhase section */

/* Begin PBXSourcesBuildPhase section */
		D51E2831292F77CC00033C02 /* Sources */ = {
			isa = PBXSourcesBuildPhase;
			buildActionMask = 2147483647;
			files = (
				D51E283D292F77CC00033C02 /* ViewController.swift in Sources */,
				D51E2839292F77CC00033C02 /* AppDelegate.swift in Sources */,
				D51E283B292F77CC00033C02 /* SceneDelegate.swift in Sources */,
			);
			runOnlyForDeploymentPostprocessing = 0;
		};
/* End PBXSourcesBuildPhase section */

/* Begin PBXVariantGroup section */
		D51E283E292F77CC00033C02 /* Main.storyboard */ = {
			isa = PBXVariantGroup;
			children = (
				D51E283F292F77CC00033C02 /* Base */,
			);
			name = Main.storyboard;
			sourceTree = "<group>";
		};
		D51E2843292F77CC00033C02 /* LaunchScreen.storyboard */ = {
			isa = PBXVariantGroup;
			children = (
				D51E2844292F77CC00033C02 /* Base */,
			);
			name = LaunchScreen.storyboard;
			sourceTree = "<group>";
		};
/* End PBXVariantGroup section */

/* Begin XCBuildConfiguration section */
		D51E2847292F77CC00033C02 /* Debug */ = {
			isa = XCBuildConfiguration;
			buildSettings = {
				ALWAYS_SEARCH_USER_PATHS = NO;
				CLANG_ANALYZER_NONNULL = YES;
				CLANG_ANALYZER_NUMBER_OBJECT_CONVERSION = YES_AGGRESSIVE;
				CLANG_CXX_LANGUAGE_STANDARD = "gnu++20";
				CLANG_ENABLE_MODULES = YES;
				CLANG_ENABLE_OBJC_ARC = YES;
				CLANG_ENABLE_OBJC_WEAK = YES;
				CLANG_WARN_BLOCK_CAPTURE_AUTORELEASING = YES;
				CLANG_WARN_BOOL_CONVERSION = YES;
				CLANG_WARN_COMMA = YES;
				CLANG_WARN_CONSTANT_CONVERSION = YES;
				CLANG_WARN_DEPRECATED_OBJC_IMPLEMENTATIONS = YES;
				CLANG_WARN_DIRECT_OBJC_ISA_USAGE = YES_ERROR;
				CLANG_WARN_DOCUMENTATION_COMMENTS = YES;
				CLANG_WARN_EMPTY_BODY = YES;
				CLANG_WARN_ENUM_CONVERSION = YES;
				CLANG_WARN_INFINITE_RECURSION = YES;
				CLANG_WARN_INT_CONVERSION = YES;
				CLANG_WARN_NON_LITERAL_NULL_CONVERSION = YES;
				CLANG_WARN_OBJC_IMPLICIT_RETAIN_SELF = YES;
				CLANG_WARN_OBJC_LITERAL_CONVERSION = YES;
				CLANG_WARN_OBJC_ROOT_CLASS = YES_ERROR;
				CLANG_WARN_QUOTED_INCLUDE_IN_FRAMEWORK_HEADER = YES;
				CLANG_WARN_RANGE_LOOP_ANALYSIS = YES;
				CLANG_WARN_STRICT_PROTOTYPES = YES;
				CLANG_WARN_SUSPICIOUS_MOVE = YES;
				CLANG_WARN_UNGUARDED_AVAILABILITY = YES_AGGRESSIVE;
				CLANG_WARN_UNREACHABLE_CODE = YES;
				CLANG_WARN__DUPLICATE_METHOD_MATCH = YES;
				COPY_PHASE_STRIP = NO;
				DEBUG_INFORMATION_FORMAT = dwarf;
				ENABLE_STRICT_OBJC_MSGSEND = YES;
				ENABLE_TESTABILITY = YES;
				EXCLUDED_ARCHS = "";
				"EXCLUDED_ARCHS[sdk=iphonesimulator*]" = arm64;
				GCC_C_LANGUAGE_STANDARD = gnu11;
				GCC_DYNAMIC_NO_PIC = NO;
				GCC_NO_COMMON_BLOCKS = YES;
				GCC_OPTIMIZATION_LEVEL = 0;
				GCC_PREPROCESSOR_DEFINITIONS = (
					"DEBUG=1",
					"$(inherited)",
				);
				GCC_WARN_64_TO_32_BIT_CONVERSION = YES;
				GCC_WARN_ABOUT_RETURN_TYPE = YES_ERROR;
				GCC_WARN_UNDECLARED_SELECTOR = YES;
				GCC_WARN_UNINITIALIZED_AUTOS = YES_AGGRESSIVE;
				GCC_WARN_UNUSED_FUNCTION = YES;
				GCC_WARN_UNUSED_VARIABLE = YES;
				IPHONEOS_DEPLOYMENT_TARGET = 16.1;
				MTL_ENABLE_DEBUG_INFO = INCLUDE_SOURCE;
				MTL_FAST_MATH = YES;
				ONLY_ACTIVE_ARCH = YES;
				OTHER_LDFLAGS = "-ObjC";
				SDKROOT = iphoneos;
				SWIFT_ACTIVE_COMPILATION_CONDITIONS = DEBUG;
				SWIFT_OPTIMIZATION_LEVEL = "-Onone";
			};
			name = Debug;
		};
		D51E2848292F77CC00033C02 /* Release */ = {
			isa = XCBuildConfiguration;
			buildSettings = {
				ALWAYS_SEARCH_USER_PATHS = NO;
				CLANG_ANALYZER_NONNULL = YES;
				CLANG_ANALYZER_NUMBER_OBJECT_CONVERSION = YES_AGGRESSIVE;
				CLANG_CXX_LANGUAGE_STANDARD = "gnu++20";
				CLANG_ENABLE_MODULES = YES;
				CLANG_ENABLE_OBJC_ARC = YES;
				CLANG_ENABLE_OBJC_WEAK = YES;
				CLANG_WARN_BLOCK_CAPTURE_AUTORELEASING = YES;
				CLANG_WARN_BOOL_CONVERSION = YES;
				CLANG_WARN_COMMA = YES;
				CLANG_WARN_CONSTANT_CONVERSION = YES;
				CLANG_WARN_DEPRECATED_OBJC_IMPLEMENTATIONS = YES;
				CLANG_WARN_DIRECT_OBJC_ISA_USAGE = YES_ERROR;
				CLANG_WARN_DOCUMENTATION_COMMENTS = YES;
				CLANG_WARN_EMPTY_BODY = YES;
				CLANG_WARN_ENUM_CONVERSION = YES;
				CLANG_WARN_INFINITE_RECURSION = YES;
				CLANG_WARN_INT_CONVERSION = YES;
				CLANG_WARN_NON_LITERAL_NULL_CONVERSION = YES;
				CLANG_WARN_OBJC_IMPLICIT_RETAIN_SELF = YES;
				CLANG_WARN_OBJC_LITERAL_CONVERSION = YES;
				CLANG_WARN_OBJC_ROOT_CLASS = YES_ERROR;
				CLANG_WARN_QUOTED_INCLUDE_IN_FRAMEWORK_HEADER = YES;
				CLANG_WARN_RANGE_LOOP_ANALYSIS = YES;
				CLANG_WARN_STRICT_PROTOTYPES = YES;
				CLANG_WARN_SUSPICIOUS_MOVE = YES;
				CLANG_WARN_UNGUARDED_AVAILABILITY = YES_AGGRESSIVE;
				CLANG_WARN_UNREACHABLE_CODE = YES;
				CLANG_WARN__DUPLICATE_METHOD_MATCH = YES;
				COPY_PHASE_STRIP = NO;
				DEBUG_INFORMATION_FORMAT = "dwarf-with-dsym";
				ENABLE_NS_ASSERTIONS = NO;
				ENABLE_STRICT_OBJC_MSGSEND = YES;
				EXCLUDED_ARCHS = "";
				"EXCLUDED_ARCHS[sdk=iphonesimulator*]" = arm64;
				GCC_C_LANGUAGE_STANDARD = gnu11;
				GCC_NO_COMMON_BLOCKS = YES;
				GCC_WARN_64_TO_32_BIT_CONVERSION = YES;
				GCC_WARN_ABOUT_RETURN_TYPE = YES_ERROR;
				GCC_WARN_UNDECLARED_SELECTOR = YES;
				GCC_WARN_UNINITIALIZED_AUTOS = YES_AGGRESSIVE;
				GCC_WARN_UNUSED_FUNCTION = YES;
				GCC_WARN_UNUSED_VARIABLE = YES;
				IPHONEOS_DEPLOYMENT_TARGET = 16.1;
				MTL_ENABLE_DEBUG_INFO = NO;
				MTL_FAST_MATH = YES;
				ONLY_ACTIVE_ARCH = YES;
				OTHER_LDFLAGS = "-ObjC";
				SDKROOT = iphoneos;
				SWIFT_COMPILATION_MODE = wholemodule;
				SWIFT_OPTIMIZATION_LEVEL = "-O";
				VALIDATE_PRODUCT = YES;
			};
			name = Release;
		};
		D51E284A292F77CC00033C02 /* Debug */ = {
			isa = XCBuildConfiguration;
			buildSettings = {
				ASSETCATALOG_COMPILER_APPICON_NAME = AppIcon;
				ASSETCATALOG_COMPILER_GLOBAL_ACCENT_COLOR_NAME = AccentColor;
				CODE_SIGN_STYLE = Automatic;
				CURRENT_PROJECT_VERSION = 1;
				FRAMEWORK_SEARCH_PATHS = (
					"$(inherited)",
					"$(PROJECT_DIR)",
					"$(PROJECT_DIR)/Eventgraph",
				);
				GENERATE_INFOPLIST_FILE = YES;
				INFOPLIST_FILE = Eventgraph/Info.plist;
				INFOPLIST_KEY_UIApplicationSupportsIndirectInputEvents = YES;
				INFOPLIST_KEY_UILaunchStoryboardName = LaunchScreen;
				INFOPLIST_KEY_UIMainStoryboardFile = Main;
				INFOPLIST_KEY_UISupportedInterfaceOrientations_iPad = "UIInterfaceOrientationPortrait UIInterfaceOrientationPortraitUpsideDown UIInterfaceOrientationLandscapeLeft UIInterfaceOrientationLandscapeRight";
				INFOPLIST_KEY_UISupportedInterfaceOrientations_iPhone = "UIInterfaceOrientationPortrait UIInterfaceOrientationLandscapeLeft UIInterfaceOrientationLandscapeRight";
				LD_RUNPATH_SEARCH_PATHS = (
					"$(inherited)",
					"@executable_path/Frameworks",
				);
				MARKETING_VERSION = 1.0;
				PRODUCT_BUNDLE_IDENTIFIER = com.Sidemenu.Eventgraph;
				PRODUCT_NAME = "$(TARGET_NAME)";
				SWIFT_EMIT_LOC_STRINGS = YES;
				SWIFT_VERSION = 5.0;
				TARGETED_DEVICE_FAMILY = "1,2";
			};
			name = Debug;
		};
		D51E284B292F77CC00033C02 /* Release */ = {
			isa = XCBuildConfiguration;
			buildSettings = {
				ASSETCATALOG_COMPILER_APPICON_NAME = AppIcon;
				ASSETCATALOG_COMPILER_GLOBAL_ACCENT_COLOR_NAME = AccentColor;
				CODE_SIGN_STYLE = Automatic;
				CURRENT_PROJECT_VERSION = 1;
				FRAMEWORK_SEARCH_PATHS = (
					"$(inherited)",
					"$(PROJECT_DIR)",
					"$(PROJECT_DIR)/Eventgraph",
				);
				GENERATE_INFOPLIST_FILE = YES;
				INFOPLIST_FILE = Eventgraph/Info.plist;
				INFOPLIST_KEY_UIApplicationSupportsIndirectInputEvents = YES;
				INFOPLIST_KEY_UILaunchStoryboardName = LaunchScreen;
				INFOPLIST_KEY_UIMainStoryboardFile = Main;
				INFOPLIST_KEY_UISupportedInterfaceOrientations_iPad = "UIInterfaceOrientationPortrait UIInterfaceOrientationPortraitUpsideDown UIInterfaceOrientationLandscapeLeft UIInterfaceOrientationLandscapeRight";
				INFOPLIST_KEY_UISupportedInterfaceOrientations_iPhone = "UIInterfaceOrientationPortrait UIInterfaceOrientationLandscapeLeft UIInterfaceOrientationLandscapeRight";
				LD_RUNPATH_SEARCH_PATHS = (
					"$(inherited)",
					"@executable_path/Frameworks",
				);
				MARKETING_VERSION = 1.0;
				PRODUCT_BUNDLE_IDENTIFIER = com.Sidemenu.Eventgraph;
				PRODUCT_NAME = "$(TARGET_NAME)";
				SWIFT_EMIT_LOC_STRINGS = YES;
				SWIFT_VERSION = 5.0;
				TARGETED_DEVICE_FAMILY = "1,2";
			};
			name = Release;
		};
/* End XCBuildConfiguration section */

/* Begin XCConfigurationList section */
		D51E2830292F77CC00033C02 /* Build configuration list for PBXProject "Eventgraph" */ = {
			isa = XCConfigurationList;
			buildConfigurations = (
				D51E2847292F77CC00033C02 /* Debug */,
				D51E2848292F77CC00033C02 /* Release */,
			);
			defaultConfigurationIsVisible = 0;
			defaultConfigurationName = Release;
		};
		D51E2849292F77CC00033C02 /* Build configuration list for PBXNativeTarget "Eventgraph" */ = {
			isa = XCConfigurationList;
			buildConfigurations = (
				D51E284A292F77CC00033C02 /* Debug */,
				D51E284B292F77CC00033C02 /* Release */,
			);
			defaultConfigurationIsVisible = 0;
			defaultConfigurationName = Release;
		};
/* End XCConfigurationList section */
	};
	rootObject = D51E282D292F77CC00033C02 /* Project object */;
}
